{
    "_readme": [
        "This file locks the dependencies of your project to a known state",
        "Read more about it at https://getcomposer.org/doc/01-basic-usage.md#installing-dependencies",
        "This file is @generated automatically"
    ],
    "content-hash": "12570b88f40bf69075869c6b0855b2e1",
    "packages": [
        {
            "name": "ecomdev/cache-key",
            "version": "1.1.0",
            "source": {
                "type": "git",
                "url": "https://github.com/EcomDev/cache-key.git",
                "reference": "5f90f5a013100ec57d7f3a842f48222ba8a4ccf9"
            },
            "dist": {
                "type": "zip",
                "url": "https://api.github.com/repos/EcomDev/cache-key/zipball/5f90f5a013100ec57d7f3a842f48222ba8a4ccf9",
                "reference": "5f90f5a013100ec57d7f3a842f48222ba8a4ccf9",
                "shasum": ""
            },
            "require": {
                "php": "^5.6|>=7.0"
            },
            "require-dev": {
                "henrikbjorn/phpspec-code-coverage": "^2.0",
                "mikey179/vfsstream": "^1.6",
                "phpmd/phpmd": "^2.3",
                "phpspec/nyan-formatters": "^1.0",
                "phpspec/phpspec": "^2.4",
                "satooshi/php-coveralls": "dev-master",
                "squizlabs/php_codesniffer": "*"
            },
            "type": "library",
            "autoload": {
                "psr-4": {
                    "EcomDev\\CacheKey\\": "src/"
                }
            },
            "notification-url": "https://packagist.org/downloads/",
            "license": [
                "MIT"
            ],
            "authors": [
                {
                    "name": "Ivan Chepurnyi",
                    "email": "ivan@ecomdev.org"
                }
            ],
            "description": "Library that allows you to generate cache keys based on various data formats.",
            "support": {
                "issues": "https://github.com/EcomDev/cache-key/issues",
                "source": "https://github.com/EcomDev/cache-key/tree/master"
            },
            "time": "2016-05-20T18:43:53+00:00"
        },
        {
            "name": "psr/cache",
            "version": "3.0.0",
            "source": {
                "type": "git",
                "url": "https://github.com/php-fig/cache.git",
                "reference": "aa5030cfa5405eccfdcb1083ce040c2cb8d253bf"
            },
            "dist": {
                "type": "zip",
                "url": "https://api.github.com/repos/php-fig/cache/zipball/aa5030cfa5405eccfdcb1083ce040c2cb8d253bf",
                "reference": "aa5030cfa5405eccfdcb1083ce040c2cb8d253bf",
                "shasum": ""
            },
            "require": {
                "php": ">=8.0.0"
            },
            "type": "library",
            "extra": {
                "branch-alias": {
                    "dev-master": "1.0.x-dev"
                }
            },
            "autoload": {
                "psr-4": {
                    "Psr\\Cache\\": "src/"
                }
            },
            "notification-url": "https://packagist.org/downloads/",
            "license": [
                "MIT"
            ],
            "authors": [
                {
                    "name": "PHP-FIG",
                    "homepage": "https://www.php-fig.org/"
                }
            ],
            "description": "Common interface for caching libraries",
            "keywords": [
                "cache",
                "psr",
                "psr-6"
            ],
            "support": {
                "source": "https://github.com/php-fig/cache/tree/3.0.0"
            },
            "time": "2021-02-03T23:26:27+00:00"
        }
    ],
    "packages-dev": [],
    "aliases": [],
    "minimum-stability": "stable",
    "stability-flags": [],
    "prefer-stable": false,
    "prefer-lowest": false,
    "platform": {
        "php": "~5.6|>=7.0"
    },
    "platform-dev": [],
    "plugin-api-version": "2.6.0"
}
